
Microsoft Visual Studio Solution File, Format Version 12.00
# Visual Studio Version 16
VisualStudioVersion = 16.0.30011.22
MinimumVisualStudioVersion = 10.0.40219.1
Project("{FAE04EC0-301F-11D3-BF4B-00C04F79EFBC}") = "WebAPI", "WebAPI.csproj", "{9E2A9AF3-6D15-4341-BF8E-6DF766DAFF07}"
EndProject
Project("{FAE04EC0-301F-11D3-BF4B-00C04F79EFBC}") = "DB", "..\DB\DB.csproj", "{510ADE2F-AB6F-4F75-8F5E-B19E87083CD0}"
EndProject
Project("{FAE04EC0-301F-11D3-BF4B-00C04F79EFBC}") = "InvoiceSetupDesktop", "..\InvoiceSetupDesktop\InvoiceSetupDesktop.csproj", "{21D05843-DBC1-496B-A042-CF24902AD135}"
EndProject
Global
	GlobalSection(SolutionConfigurationPlatforms) = preSolution
		Debug|Any CPU = Debug|Any CPU
		Release|Any CPU = Release|Any CPU
	EndGlobalSection
	GlobalSection(ProjectConfigurationPlatforms) = postSolution
		{9E2A9AF3-6D15-4341-BF8E-6DF766DAFF07}.Debug|Any CPU.ActiveCfg = Debug|Any CPU
		{9E2A9AF3-6D15-4341-BF8E-6DF766DAFF07}.Debug|Any CPU.Build.0 = Debug|Any CPU
		{9E2A9AF3-6D15-4341-BF8E-6DF766DAFF07}.Release|Any CPU.ActiveCfg = Release|Any CPU
		{9E2A9AF3-6D15-4341-BF8E-6DF766DAFF07}.Release|Any CPU.Build.0 = Release|Any CPU
		{510ADE2F-AB6F-4F75-8F5E-B19E87083CD0}.Debug|Any CPU.ActiveCfg = Debug|Any CPU
		{510ADE2F-AB6F-4F75-8F5E-B19E87083CD0}.Debug|Any CPU.Build.0 = Debug|Any CPU
		{510ADE2F-AB6F-4F75-8F5E-B19E87083CD0}.Release|Any CPU.ActiveCfg = Release|Any CPU
		{510ADE2F-AB6F-4F75-8F5E-B19E87083CD0}.Release|Any CPU.Build.0 = Release|Any CPU
		{21D05843-DBC1-496B-A042-CF24902AD135}.Debug|Any CPU.ActiveCfg = Debug|Any CPU
		{21D05843-DBC1-496B-A042-CF24902AD135}.Debug|Any CPU.Build.0 = Debug|Any CPU
		{21D05843-DBC1-496B-A042-CF24902AD135}.Release|Any CPU.ActiveCfg = Release|Any CPU
		{21D05843-DBC1-496B-A042-CF24902AD135}.Release|Any CPU.Build.0 = Release|Any CPU
	EndGlobalSection
	GlobalSection(SolutionProperties) = preSolution
		HideSolutionNode = FALSE
	EndGlobalSection
	GlobalSection(ExtensibilityGlobals) = postSolution
		SolutionGuid = {A1B7451A-1568-420F-8C6A-3DD845A735DF}
	EndGlobalSection
EndGlobal
